{
  "name": "workspace",
  "lockfileVersion": 3,
  "requires": true,
  "packages": {
    "": {
      "dependencies": {
        "fontsampler-js": "^0.1.4",
        "lightbox2": "^2.11.5"
      }
    },
    "node_modules/dropkickjs": {
      "version": "2.2.4",
      "resolved": "https://registry.npmjs.org/dropkickjs/-/dropkickjs-2.2.4.tgz",
      "integrity": "sha512-Y+F0/vMbv1kSkftNRiMBpEwyrL2afe2IyNWYMyefIhCkoc98u31XKY02QjN1WLtAJ3c0PKettu0JblWIQR4DVQ==",
      "engines": {
        "node": ">= 4"
      }
    },
    "node_modules/extend": {
      "version": "3.0.2",
      "resolved": "https://registry.npmjs.org/extend/-/extend-3.0.2.tgz",
      "integrity": "sha512-fjquC59cD7CyW6urNXK0FBufkZcoiGG80wTuPujX590cB5Ttln20E2UB4S/WARVqhXffZl2LNgS+gQdPIIim/g==",
      "license": "MIT"
    },
    "node_modules/fontfaceobserver": {
      "version": "2.3.0",
      "resolved": "https://registry.npmjs.org/fontfaceobserver/-/fontfaceobserver-2.3.0.tgz",
      "integrity": "sha512-6FPvD/IVyT4ZlNe7Wcn5Fb/4ChigpucKYSvD6a+0iMoLn2inpo711eyIcKjmDtE5XNcgAkSH9uN/nfAeZzHEfg==",
      "license": "BSD-2-Clause"
    },
    "node_modules/fontsampler-js": {
      "version": "0.1.4",
      "resolved": "https://registry.npmjs.org/fontsampler-js/-/fontsampler-js-0.1.4.tgz",
      "integrity": "sha512-oGJw7J2Qql+Oopdol+lZOLVFTB+phuKhP9fAZtT/uXSJwXPB3yy+fO35iX4M26QxfbmJ5xnIQqU9rwrrXyr32w==",
      "license": "MIT",
      "dependencies": {
        "dropkickjs": "^2.2.4",
        "extend": "^3.0.2",
        "fontfaceobserver": "^2.1.0",
        "woff2-feature-test": "^1.0.3"
      }
    },
    "node_modules/lightbox2": {
      "version": "2.11.5",
      "resolved": "https://registry.npmjs.org/lightbox2/-/lightbox2-2.11.5.tgz",
      "integrity": "sha512-IsDqv/D9pjgh7GvwTNvmHF98+nrIcOD17fraXgtx8ivq469y95l5ycLi6SeZAZHdeyD3cGLjYwbDX8SRfWx5fA=="
    },
    "node_modules/woff2-feature-test": {
      "version": "1.0.3",
      "resolved": "https://registry.npmjs.org/woff2-feature-test/-/woff2-feature-test-1.0.3.tgz",
      "integrity": "sha512-WsIvIE12AXlCAWXUKKHCClwXHxNic7b4ca+xJ+c3D09Q715KEzBdDQ3mbaLA9h/PkL/j2V6XATqOi4l15gk6dQ==",
      "license": "MIT"
    }
  }
}
